
Microsoft Visual Studio Solution File, Format Version 12.00
# Visual Studio Version 16
VisualStudioVersion = 16.0.29411.108
MinimumVisualStudioVersion = 10.0.40219.1
Project("{FAE04EC0-301F-11D3-BF4B-00C04F79EFBC}") = "Evention", "Evention\Evention.csproj", "{D52FE028-7633-4AFB-A917-83B6E33D8312}"
EndProject
Global
	GlobalSection(SolutionConfigurationPlatforms) = preSolution
		Debug|Any CPU = Debug|Any CPU
		Release|Any CPU = Release|Any CPU
	EndGlobalSection
	GlobalSection(ProjectConfigurationPlatforms) = postSolution
		{D52FE028-7633-4AFB-A917-83B6E33D8312}.Debug|Any CPU.ActiveCfg = Debug|Any CPU
		{D52FE028-7633-4AFB-A917-83B6E33D8312}.Debug|Any CPU.Build.0 = Debug|Any CPU
		{D52FE028-7633-4AFB-A917-83B6E33D8312}.Release|Any CPU.ActiveCfg = Release|Any CPU
		{D52FE028-7633-4AFB-A917-83B6E33D8312}.Release|Any CPU.Build.0 = Release|Any CPU
	EndGlobalSection
	GlobalSection(SolutionProperties) = preSolution
		HideSolutionNode = FALSE
	EndGlobalSection
	GlobalSection(ExtensibilityGlobals) = postSolution
		SolutionGuid = {B8B4923B-1FC7-46D3-ABC2-E48E3CFFA20F}
	EndGlobalSection
EndGlobal
